github.com/BurntSushi/xgb v0.0.0-20210121224620-deaf085860bc h1:7D+Bh06CRPCJO3gr2F7h1sriovOZ8BMhca2Rg85c2nk=
github.com/BurntSushi/xgb v0.0.0-20210121224620-deaf085860bc/go.mod h1:IVnqGOEym/WlBOVXweHU+Q+/VP0lqqI8lqeDx9IjBqo=
github.com/vova616/screenshot v0.0.0-20220801010501-56c10359473c h1:mqgl+NQgzZ30EX7oA3uNIlPn6dAgG6sThBiUodUzZpU=
github.com/vova616/screenshot v0.0.0-20220801010501-56c10359473c/go.mod h1:gjlNhAXON0uGGilpsAZpMx5bN1ZVavUlJETHif7w4HQ=
golang.org/x/image v0.20.0 h1:7cVCUjQwfL18gyBJOmYvptfSHS8Fb3YUDtfLIZ7Nbpw=
golang.org/x/image v0.20.0/go.mod h1:0a88To4CYVBAHp5FXJm8o7QbUl37Vd85ply1vyD8auM=
